
Microsoft Visual Studio Solution File, Format Version 12.00
# Visual Studio Version 17
VisualStudioVersion = 17.7.34031.279
MinimumVisualStudioVersion = 10.0.40219.1
Project("{FAE04EC0-301F-11D3-BF4B-00C04F79EFBC}") = "ExamGame11", "ExamGame11\ExamGame11.csproj", "{FF00722C-3EF7-4787-9883-F83F6565163B}"
EndProject
Global
	GlobalSection(SolutionConfigurationPlatforms) = preSolution
		Debug|Any CPU = Debug|Any CPU
		Release|Any CPU = Release|Any CPU
	EndGlobalSection
	GlobalSection(ProjectConfigurationPlatforms) = postSolution
		{FF00722C-3EF7-4787-9883-F83F6565163B}.Debug|Any CPU.ActiveCfg = Debug|Any CPU
		{FF00722C-3EF7-4787-9883-F83F6565163B}.Debug|Any CPU.Build.0 = Debug|Any CPU
		{FF00722C-3EF7-4787-9883-F83F6565163B}.Release|Any CPU.ActiveCfg = Release|Any CPU
		{FF00722C-3EF7-4787-9883-F83F6565163B}.Release|Any CPU.Build.0 = Release|Any CPU
	EndGlobalSection
	GlobalSection(SolutionProperties) = preSolution
		HideSolutionNode = FALSE
	EndGlobalSection
	GlobalSection(ExtensibilityGlobals) = postSolution
		SolutionGuid = {C7167BD2-1FB6-4F3B-B022-B28C17C59B91}
	EndGlobalSection
EndGlobal
